
Microsoft Visual Studio Solution File, Format Version 12.00
# Visual Studio 15
VisualStudioVersion = 15.0.27428.2037
MinimumVisualStudioVersion = 10.0.40219.1
Project("{FAE04EC0-301F-11D3-BF4B-00C04F79EFBC}") = "ArmaExtCsCore", "ArmaExtCsCore\ArmaExtCsCore.csproj", "{86EC7DB4-353A-4623-AECB-AD706743EAEB}"
EndProject
Global
	GlobalSection(SolutionConfigurationPlatforms) = preSolution
		Debug|Any CPU = Debug|Any CPU
		Release|Any CPU = Release|Any CPU
	EndGlobalSection
	GlobalSection(ProjectConfigurationPlatforms) = postSolution
		{86EC7DB4-353A-4623-AECB-AD706743EAEB}.Debug|Any CPU.ActiveCfg = Debug|Any CPU
		{86EC7DB4-353A-4623-AECB-AD706743EAEB}.Debug|Any CPU.Build.0 = Debug|Any CPU
		{86EC7DB4-353A-4623-AECB-AD706743EAEB}.Release|Any CPU.ActiveCfg = Release|Any CPU
		{86EC7DB4-353A-4623-AECB-AD706743EAEB}.Release|Any CPU.Build.0 = Release|Any CPU
	EndGlobalSection
	GlobalSection(SolutionProperties) = preSolution
		HideSolutionNode = FALSE
	EndGlobalSection
	GlobalSection(ExtensibilityGlobals) = postSolution
		SolutionGuid = {BC0D66D9-55A7-4162-A4C9-921D145D82F8}
	EndGlobalSection
EndGlobal
